
Microsoft Visual Studio Solution File, Format Version 12.00
# Visual Studio 15
VisualStudioVersion = 15.0.28307.136
MinimumVisualStudioVersion = 10.0.40219.1
Project("{2150E333-8FDC-42A3-9474-1A3956D46DE8}") = "Documentation", "Documentation", "{E16A65B6-CCD3-4103-BE19-96C9C635CAFA}"
	ProjectSection(SolutionItems) = preProject
		README.md = README.md
	EndProjectSection
EndProject
Project("{2150E333-8FDC-42A3-9474-1A3956D46DE8}") = "Source", "Source", "{1B9CE72F-E062-425B-B79D-8E0B77FCF562}"
EndProject
Project("{2150E333-8FDC-42A3-9474-1A3956D46DE8}") = "Tests", "Tests", "{103058BF-E901-43B1-886F-B126369E2086}"
EndProject
Project("{2150E333-8FDC-42A3-9474-1A3956D46DE8}") = "Solution Items", "Solution Items", "{05D65560-45A4-46B0-8F33-CF597061434F}"
	ProjectSection(SolutionItems) = preProject
		README.md = README.md
	EndProjectSection
EndProject
Project("{2150E333-8FDC-42A3-9474-1A3956D46DE8}") = "Common", "Common", "{814491A1-4F50-4736-8553-FF506FA99FA8}"
EndProject
Project("{2150E333-8FDC-42A3-9474-1A3956D46DE8}") = "Core", "Core", "{EE79CD51-E2F4-4538-9B31-399461A228DE}"
EndProject
Project("{2150E333-8FDC-42A3-9474-1A3956D46DE8}") = "Presentation", "Presentation", "{BE5708CD-C0FE-49D5-B319-6401D563089E}"
EndProject
Project("{2150E333-8FDC-42A3-9474-1A3956D46DE8}") = "Infraestructure", "Infraestructure", "{D9C17710-B0B8-4E9E-A89C-190C7BEA1C82}"
EndProject
Project("{FAE04EC0-301F-11D3-BF4B-00C04F79EFBC}") = "Beattle.Common", "Beattle.Common\Beattle.Common.csproj", "{D5E2F4EE-A3D3-41AB-ABA5-1E88FC724C8D}"
EndProject
Project("{FAE04EC0-301F-11D3-BF4B-00C04F79EFBC}") = "Beattle.Application", "Beattle.Application\Beattle.Application.csproj", "{D2C2A3DD-2C1C-49A9-8828-93323143320A}"
EndProject
Project("{FAE04EC0-301F-11D3-BF4B-00C04F79EFBC}") = "Beattle.Domain", "Beattle.Domain\Beattle.Domain.csproj", "{45110164-0E91-49EE-AAFC-462789B197CA}"
EndProject
Project("{FAE04EC0-301F-11D3-BF4B-00C04F79EFBC}") = "Beattle.Infrastructure", "Beattle.Infrastructure\Beattle.Infrastructure.csproj", "{676DF540-AFFE-44AA-95DC-D9915A7CE16C}"
EndProject
Project("{FAE04EC0-301F-11D3-BF4B-00C04F79EFBC}") = "Beattle.SPAUI", "Beattle.SPAUI\Beattle.SPAUI.csproj", "{8C3F26DD-8605-4349-B726-A1647AD8C903}"
EndProject
Project("{FAE04EC0-301F-11D3-BF4B-00C04F79EFBC}") = "Beattle.Persistence.PostgreSQL", "Beattle.Persistence.PostgreSQL\Beattle.Persistence.PostgreSQL.csproj", "{1BEC3B69-556C-42E0-8403-12E680C8ED37}"
EndProject
Project("{FAE04EC0-301F-11D3-BF4B-00C04F79EFBC}") = "Beattle.Terminal", "Beattle.Terminal\Beattle.Terminal.csproj", "{90BCA76B-082D-475D-8501-B3C283C103D2}"
EndProject
Global
	GlobalSection(SolutionConfigurationPlatforms) = preSolution
		Debug|Any CPU = Debug|Any CPU
		Release|Any CPU = Release|Any CPU
	EndGlobalSection
	GlobalSection(ProjectConfigurationPlatforms) = postSolution
		{D5E2F4EE-A3D3-41AB-ABA5-1E88FC724C8D}.Debug|Any CPU.ActiveCfg = Debug|Any CPU
		{D5E2F4EE-A3D3-41AB-ABA5-1E88FC724C8D}.Debug|Any CPU.Build.0 = Debug|Any CPU
		{D5E2F4EE-A3D3-41AB-ABA5-1E88FC724C8D}.Release|Any CPU.ActiveCfg = Release|Any CPU
		{D5E2F4EE-A3D3-41AB-ABA5-1E88FC724C8D}.Release|Any CPU.Build.0 = Release|Any CPU
		{D2C2A3DD-2C1C-49A9-8828-93323143320A}.Debug|Any CPU.ActiveCfg = Debug|Any CPU
		{D2C2A3DD-2C1C-49A9-8828-93323143320A}.Debug|Any CPU.Build.0 = Debug|Any CPU
		{D2C2A3DD-2C1C-49A9-8828-93323143320A}.Release|Any CPU.ActiveCfg = Release|Any CPU
		{D2C2A3DD-2C1C-49A9-8828-93323143320A}.Release|Any CPU.Build.0 = Release|Any CPU
		{45110164-0E91-49EE-AAFC-462789B197CA}.Debug|Any CPU.ActiveCfg = Debug|Any CPU
		{45110164-0E91-49EE-AAFC-462789B197CA}.Debug|Any CPU.Build.0 = Debug|Any CPU
		{45110164-0E91-49EE-AAFC-462789B197CA}.Release|Any CPU.ActiveCfg = Release|Any CPU
		{45110164-0E91-49EE-AAFC-462789B197CA}.Release|Any CPU.Build.0 = Release|Any CPU
		{676DF540-AFFE-44AA-95DC-D9915A7CE16C}.Debug|Any CPU.ActiveCfg = Debug|Any CPU
		{676DF540-AFFE-44AA-95DC-D9915A7CE16C}.Debug|Any CPU.Build.0 = Debug|Any CPU
		{676DF540-AFFE-44AA-95DC-D9915A7CE16C}.Release|Any CPU.ActiveCfg = Release|Any CPU
		{676DF540-AFFE-44AA-95DC-D9915A7CE16C}.Release|Any CPU.Build.0 = Release|Any CPU
		{8C3F26DD-8605-4349-B726-A1647AD8C903}.Debug|Any CPU.ActiveCfg = Debug|Any CPU
		{8C3F26DD-8605-4349-B726-A1647AD8C903}.Debug|Any CPU.Build.0 = Debug|Any CPU
		{8C3F26DD-8605-4349-B726-A1647AD8C903}.Release|Any CPU.ActiveCfg = Release|Any CPU
		{8C3F26DD-8605-4349-B726-A1647AD8C903}.Release|Any CPU.Build.0 = Release|Any CPU
		{1BEC3B69-556C-42E0-8403-12E680C8ED37}.Debug|Any CPU.ActiveCfg = Debug|Any CPU
		{1BEC3B69-556C-42E0-8403-12E680C8ED37}.Debug|Any CPU.Build.0 = Debug|Any CPU
		{1BEC3B69-556C-42E0-8403-12E680C8ED37}.Release|Any CPU.ActiveCfg = Release|Any CPU
		{1BEC3B69-556C-42E0-8403-12E680C8ED37}.Release|Any CPU.Build.0 = Release|Any CPU
		{90BCA76B-082D-475D-8501-B3C283C103D2}.Debug|Any CPU.ActiveCfg = Debug|Any CPU
		{90BCA76B-082D-475D-8501-B3C283C103D2}.Debug|Any CPU.Build.0 = Debug|Any CPU
		{90BCA76B-082D-475D-8501-B3C283C103D2}.Release|Any CPU.ActiveCfg = Release|Any CPU
		{90BCA76B-082D-475D-8501-B3C283C103D2}.Release|Any CPU.Build.0 = Release|Any CPU
	EndGlobalSection
	GlobalSection(SolutionProperties) = preSolution
		HideSolutionNode = FALSE
	EndGlobalSection
	GlobalSection(NestedProjects) = preSolution
		{814491A1-4F50-4736-8553-FF506FA99FA8} = {1B9CE72F-E062-425B-B79D-8E0B77FCF562}
		{EE79CD51-E2F4-4538-9B31-399461A228DE} = {1B9CE72F-E062-425B-B79D-8E0B77FCF562}
		{BE5708CD-C0FE-49D5-B319-6401D563089E} = {1B9CE72F-E062-425B-B79D-8E0B77FCF562}
		{D9C17710-B0B8-4E9E-A89C-190C7BEA1C82} = {1B9CE72F-E062-425B-B79D-8E0B77FCF562}
		{D5E2F4EE-A3D3-41AB-ABA5-1E88FC724C8D} = {814491A1-4F50-4736-8553-FF506FA99FA8}
		{D2C2A3DD-2C1C-49A9-8828-93323143320A} = {EE79CD51-E2F4-4538-9B31-399461A228DE}
		{45110164-0E91-49EE-AAFC-462789B197CA} = {EE79CD51-E2F4-4538-9B31-399461A228DE}
		{676DF540-AFFE-44AA-95DC-D9915A7CE16C} = {D9C17710-B0B8-4E9E-A89C-190C7BEA1C82}
		{8C3F26DD-8605-4349-B726-A1647AD8C903} = {BE5708CD-C0FE-49D5-B319-6401D563089E}
		{1BEC3B69-556C-42E0-8403-12E680C8ED37} = {D9C17710-B0B8-4E9E-A89C-190C7BEA1C82}
		{90BCA76B-082D-475D-8501-B3C283C103D2} = {BE5708CD-C0FE-49D5-B319-6401D563089E}
	EndGlobalSection
	GlobalSection(ExtensibilityGlobals) = postSolution
		SolutionGuid = {2D2BF433-4C15-406F-8D99-A3249F035DAA}
	EndGlobalSection
EndGlobal
